Microsoft Visual Studio Solution File, Format Version 11.00
# Visual Studio 2008

Project("{13E68596-4C25-48AA-748F-7EA263BAD4E5}") = "Startup", "Assembly-CSharp.csproj", "{A738BE4E-766B-250A-0424-C447254B7E90}"
EndProject
Project("{13E68596-4C25-48AA-748F-7EA263BAD4E5}") = "Startup", "Assembly-UnityScript.unityproj", "{935786F5-08C7-9C55-1D7E-1BBACA66A587}"
EndProject
Global
	GlobalSection(SolutionConfigurationPlatforms) = preSolution
		Debug|Any CPU = Debug|Any CPU
		Release|Any CPU = Release|Any CPU
	EndGlobalSection
	GlobalSection(ProjectConfigurationPlatforms) = postSolution
		{A738BE4E-766B-250A-0424-C447254B7E90}.Debug|Any CPU.ActiveCfg = Debug|Any CPU
		{A738BE4E-766B-250A-0424-C447254B7E90}.Debug|Any CPU.Build.0 = Debug|Any CPU
		{A738BE4E-766B-250A-0424-C447254B7E90}.Release|Any CPU.ActiveCfg = Release|Any CPU
		{A738BE4E-766B-250A-0424-C447254B7E90}.Release|Any CPU.Build.0 = Release|Any CPU
		{935786F5-08C7-9C55-1D7E-1BBACA66A587}.Debug|Any CPU.ActiveCfg = Debug|Any CPU
		{935786F5-08C7-9C55-1D7E-1BBACA66A587}.Debug|Any CPU.Build.0 = Debug|Any CPU
		{935786F5-08C7-9C55-1D7E-1BBACA66A587}.Release|Any CPU.ActiveCfg = Release|Any CPU
		{935786F5-08C7-9C55-1D7E-1BBACA66A587}.Release|Any CPU.Build.0 = Release|Any CPU
	EndGlobalSection
	GlobalSection(SolutionProperties) = preSolution
		HideSolutionNode = FALSE
	EndGlobalSection
				GlobalSection(MonoDevelopProperties) = preSolution
		StartupItem = Assembly-CSharp.csproj
		Policies = $0
		$0.TextStylePolicy = $1
		$1.inheritsSet = null
		$1.scope = text/x-csharp
		$0.CSharpFormattingPolicy = $2
		$2.inheritsSet = Mono
		$2.inheritsScope = text/x-csharp
		$2.scope = text/x-csharp
		$0.TextStylePolicy = $3
		$3.FileWidth = 120
		$3.TabWidth = 4
		$3.EolMarker = Unix
		$3.inheritsSet = Mono
		$3.inheritsScope = text/plain
		$3.scope = text/plain
	EndGlobalSection

EndGlobal
